github.com/go-mmap/mmap v0.7.0 h1:+h1n06sZw0IWBwL9YDzTomNNXxM4LH/l+HVpGaTC+qk=
github.com/go-mmap/mmap v0.7.0/go.mod h1:moN8m00bW6Mpk+Y1xQFeL3xZqycnT4qUAf852ICV/Gc=
golang.org/x/exp v0.0.0-20241009180824-f66d83c29e7c h1:7dEasQXItcW1xKJ2+gg5VOiBnqWrJc+rq0DPKyvvdbY=
golang.org/x/exp v0.0.0-20241009180824-f66d83c29e7c/go.mod h1:NQtJDoLvd6faHhE7m4T/1IY708gDefGGjR/iUW8yQQ8=
golang.org/x/sys v0.6.0 h1:MVltZSvRTcU2ljQOhs94SXPftV6DCNnZViHeQps87pQ=
golang.org/x/sys v0.6.0/go.mod h1:oPkhp1MJrh7nUepCBck5+mAzfO9JrbApNNgaTdGDITg=
